PODS:
  - Capacitor (7.6.0):
    - CapacitorCordova
  - CapacitorCordova (7.6.0)
  - CapacitorShare (7.0.4):
    - Capacitor

DEPENDENCIES:
  - "Capacitor (from `../../node_modules/@capacitor/ios`)"
  - "CapacitorCordova (from `../../node_modules/@capacitor/ios`)"
  - "CapacitorShare (from `../../node_modules/@capacitor/share`)"

EXTERNAL SOURCES:
  Capacitor:
    :path: "../../node_modules/@capacitor/ios"
  CapacitorCordova:
    :path: "../../node_modules/@capacitor/ios"
  CapacitorShare:
    :path: "../../node_modules/@capacitor/share"

SPEC CHECKSUMS:
  Capacitor: 6e644e9e3369368ac601c77a0fad57f34b78aaa6
  CapacitorCordova: f163aa2e84b79efc54d6a75b305bc7e05fb80c5d
  CapacitorShare: 25f7fc5dd0e4edbde5d6801c6de5d14a8b450a41

PODFILE CHECKSUM: a93d9df8975d2013827807c3fbaddce72d994792

COCOAPODS: 1.16.2
